
Microsoft Visual Studio Solution File, Format Version 12.00
# Visual Studio 2013
VisualStudioVersion = 12.0.30723.0
MinimumVisualStudioVersion = 10.0.40219.1
Project("{FAE04EC0-301F-11D3-BF4B-00C04F79EFBC}") = "HTMLQuery", "HTMLQuery\HTMLQuery.csproj", "{D528EBC2-FF93-41EB-B9A6-0DFC671AF3A1}"
EndProject
Project("{FAE04EC0-301F-11D3-BF4B-00C04F79EFBC}") = "HTMLQueryTests", "HTMLQueryTests\HTMLQueryTests.csproj", "{BBD58AF5-DE40-4F5F-ADBC-0AE576BA49FC}"
EndProject
Global
	GlobalSection(SolutionConfigurationPlatforms) = preSolution
		Debug|Any CPU = Debug|Any CPU
		Release|Any CPU = Release|Any CPU
	EndGlobalSection
	GlobalSection(ProjectConfigurationPlatforms) = postSolution
		{D694F646-C937-4502-82B9-61D6BB60FC60}.Debug|Any CPU.ActiveCfg = Debug|Any CPU
		{D694F646-C937-4502-82B9-61D6BB60FC60}.Debug|Any CPU.Build.0 = Debug|Any CPU
		{D694F646-C937-4502-82B9-61D6BB60FC60}.Release|Any CPU.ActiveCfg = Release|Any CPU
		{D694F646-C937-4502-82B9-61D6BB60FC60}.Release|Any CPU.Build.0 = Release|Any CPU
		{AD788F10-CB2F-4EDC-840A-99EE0110C654}.Debug|Any CPU.ActiveCfg = Debug|Any CPU
		{AD788F10-CB2F-4EDC-840A-99EE0110C654}.Debug|Any CPU.Build.0 = Debug|Any CPU
		{AD788F10-CB2F-4EDC-840A-99EE0110C654}.Release|Any CPU.ActiveCfg = Release|Any CPU
		{AD788F10-CB2F-4EDC-840A-99EE0110C654}.Release|Any CPU.Build.0 = Release|Any CPU
		{D528EBC2-FF93-41EB-B9A6-0DFC671AF3A1}.Debug|Any CPU.ActiveCfg = Debug|Any CPU
		{D528EBC2-FF93-41EB-B9A6-0DFC671AF3A1}.Debug|Any CPU.Build.0 = Debug|Any CPU
		{D528EBC2-FF93-41EB-B9A6-0DFC671AF3A1}.Release|Any CPU.ActiveCfg = Release|Any CPU
		{D528EBC2-FF93-41EB-B9A6-0DFC671AF3A1}.Release|Any CPU.Build.0 = Release|Any CPU
		{BBD58AF5-DE40-4F5F-ADBC-0AE576BA49FC}.Debug|Any CPU.ActiveCfg = Debug|Any CPU
		{BBD58AF5-DE40-4F5F-ADBC-0AE576BA49FC}.Debug|Any CPU.Build.0 = Debug|Any CPU
		{BBD58AF5-DE40-4F5F-ADBC-0AE576BA49FC}.Release|Any CPU.ActiveCfg = Release|Any CPU
		{BBD58AF5-DE40-4F5F-ADBC-0AE576BA49FC}.Release|Any CPU.Build.0 = Release|Any CPU
	EndGlobalSection
	GlobalSection(SolutionProperties) = preSolution
		HideSolutionNode = FALSE
	EndGlobalSection
EndGlobal
